// !$*UTF8*$!
{
	archiveVersion = 1;
	classes = {
	};
	objectVersion = 46;
	objects = {

/* Begin PBXBuildFile section */
		6B90D47D1E8D54710066B3C5 /* main.m in Sources */ = {isa = PBXBuildFile; fileRef = 6B90D47C1E8D54710066B3C5 /* main.m */; };
		6B90D4801E8D54710066B3C5 /* AppDelegate.m in Sources */ = {isa = PBXBuildFile; fileRef = 6B90D47F1E8D54710066B3C5 /* AppDelegate.m */; };
		6B90D4831E8D54710066B3C5 /* ViewController.m in Sources */ = {isa = PBXBuildFile; fileRef = 6B90D4821E8D54710066B3C5 /* ViewController.m */; };
		6B90D4861E8D54710066B3C5 /* Main.storyboard in Resources */ = {isa = PBXBuildFile; fileRef = 6B90D4841E8D54710066B3C5 /* Main.storyboard */; };
		6B90D4891E8D54710066B3C5 /* seqb.xcdatamodeld in Sources */ = {isa = PBXBuildFile; fileRef = 6B90D4871E8D54710066B3C5 /* seqb.xcdatamodeld */; };
		6B90D48B1E8D54710066B3C5 /* Assets.xcassets in Resources */ = {isa = PBXBuildFile; fileRef = 6B90D48A1E8D54710066B3C5 /* Assets.xcassets */; };
		6B90D48E1E8D54710066B3C5 /* LaunchScreen.storyboard in Resources */ = {isa = PBXBuildFile; fileRef = 6B90D48C1E8D54710066B3C5 /* LaunchScreen.storyboard */; };
		6B90D4991E8D54710066B3C5 /* seqbTests.m in Sources */ = {isa = PBXBuildFile; fileRef = 6B90D4981E8D54710066B3C5 /* seqbTests.m */; };
		6B90D4A41E8D54710066B3C5 /* seqbUITests.m in Sources */ = {isa = PBXBuildFile; fileRef = 6B90D4A31E8D54710066B3C5 /* seqbUITests.m */; };
		6B90D4B21E8D54E20066B3C5 /* Podfile in Resources */ = {isa = PBXBuildFile; fileRef = 6B90D4B11E8D54E20066B3C5 /* Podfile */; };
/* End PBXBuildFile section */

/* Begin PBXContainerItemProxy section */
		6B90D4951E8D54710066B3C5 /* PBXContainerItemProxy */ = {
			isa = PBXContainerItemProxy;
			containerPortal = 6B90D4701E8D54710066B3C5 /* Project object */;
			proxyType = 1;
			remoteGlobalIDString = 6B90D4771E8D54710066B3C5;
			remoteInfo = seqb;
		};
		6B90D4A01E8D54710066B3C5 /* PBXContainerItemProxy */ = {
			isa = PBXContainerItemProxy;
			containerPortal = 6B90D4701E8D54710066B3C5 /* Project object */;
			proxyType = 1;
			remoteGlobalIDString = 6B90D4771E8D54710066B3C5;
			remoteInfo = seqb;
		};
/* End PBXContainerItemProxy section */

/* Begin PBXFileReference section */
		6B90D4781E8D54710066B3C5 /* seqb.app */ = {isa = PBXFileReference; explicitFileType = wrapper.application; includeInIndex = 0; path = seqb.app; sourceTree = BUILT_PRODUCTS_DIR; };
		6B90D47C1E8D54710066B3C5 /* main.m */ = {isa = PBXFileReference; lastKnownFileType = sourcecode.c.objc; path = main.m; sourceTree = "<group>"; };
		6B90D47E1E8D54710066B3C5 /* AppDelegate.h */ = {isa = PBXFileReference; lastKnownFileType = sourcecode.c.h; path = AppDelegate.h; sourceTree = "<group>"; };
		6B90D47F1E8D54710066B3C5 /* AppDelegate.m */ = {isa = PBXFileReference; lastKnownFileType = sourcecode.c.objc; path = AppDelegate.m; sourceTree = "<group>"; };
		6B90D4811E8D54710066B3C5 /* ViewController.h */ = {isa = PBXFileReference; lastKnownFileType = sourcecode.c.h; path = ViewController.h; sourceTree = "<group>"; };
		6B90D4821E8D54710066B3C5 /* ViewController.m */ = {isa = PBXFileReference; lastKnownFileType = sourcecode.c.objc; path = ViewController.m; sourceTree = "<group>"; };
		6B90D4851E8D54710066B3C5 /* Base */ = {isa = PBXFileReference; lastKnownFileType = file.storyboard; name = Base; path = Base.lproj/Main.storyboard; sourceTree = "<group>"; };
		6B90D4881E8D54710066B3C5 /* seqb.xcdatamodel */ = {isa = PBXFileReference; lastKnownFileType = wrapper.xcdatamodel; path = seqb.xcdatamodel; sourceTree = "<group>"; };
		6B90D48A1E8D54710066B3C5 /* Assets.xcassets */ = {isa = PBXFileReference; lastKnownFileType = folder.assetcatalog; path = Assets.xcassets; sourceTree = "<group>"; };
		6B90D48D1E8D54710066B3C5 /* Base */ = {isa = PBXFileReference; lastKnownFileType = file.storyboard; name = Base; path = Base.lproj/LaunchScreen.storyboard; sourceTree = "<group>"; };
		6B90D48F1E8D54710066B3C5 /* Info.plist */ = {isa = PBXFileReference; lastKnownFileType = text.plist.xml; path = Info.plist; sourceTree = "<group>"; };
		6B90D4941E8D54710066B3C5 /* seqbTests.xctest */ = {isa = PBXFileReference; explicitFileType = wrapper.cfbundle; includeInIndex = 0; path = seqbTests.xctest; sourceTree = BUILT_PRODUCTS_DIR; };
		6B90D4981E8D54710066B3C5 /* seqbTests.m */ = {isa = PBXFileReference; lastKnownFileType = sourcecode.c.objc; path = seqbTests.m; sourceTree = "<group>"; };
		6B90D49A1E8D54710066B3C5 /* Info.plist */ = {isa = PBXFileReference; lastKnownFileType = text.plist.xml; path = Info.plist; sourceTree = "<group>"; };
		6B90D49F1E8D54710066B3C5 /* seqbUITests.xctest */ = {isa = PBXFileReference; explicitFileType = wrapper.cfbundle; includeInIndex = 0; path = seqbUITests.xctest; sourceTree = BUILT_PRODUCTS_DIR; };
		6B90D4A31E8D54710066B3C5 /* seqbUITests.m */ = {isa = PBXFileReference; lastKnownFileType = sourcecode.c.objc; path = seqbUITests.m; sourceTree = "<group>"; };
		6B90D4A51E8D54710066B3C5 /* Info.plist */ = {isa = PBXFileReference; lastKnownFileType = text.plist.xml; path = Info.plist; sourceTree = "<group>"; };
		6B90D4B11E8D54E20066B3C5 /* Podfile */ = {isa = PBXFileReference; fileEncoding = 4; lastKnownFileType = text; path = Podfile; sourceTree = "<group>"; };
/* End PBXFileReference section */

/* Begin PBXFrameworksBuildPhase section */
		6B90D4751E8D54710066B3C5 /* Frameworks */ = {
			isa = PBXFrameworksBuildPhase;
			buildActionMask = 2147483647;
			files = (
			);
			runOnlyForDeploymentPostprocessing = 0;
		};
		6B90D4911E8D54710066B3C5 /* Frameworks */ = {
			isa = PBXFrameworksBuildPhase;
			buildActionMask = 2147483647;
			files = (
			);
			runOnlyForDeploymentPostprocessing = 0;
		};
		6B90D49C1E8D54710066B3C5 /* Frameworks */ = {
			isa = PBXFrameworksBuildPhase;
			buildActionMask = 2147483647;
			files = (
			);
			runOnlyForDeploymentPostprocessing = 0;
		};
/* End PBXFrameworksBuildPhase section */

/* Begin PBXGroup section */
		6B90D46F1E8D54710066B3C5 = {
			isa = PBXGroup;
			children = (
				6B90D4B11E8D54E20066B3C5 /* Podfile */,
				6B90D47A1E8D54710066B3C5 /* seqb */,
				6B90D4971E8D54710066B3C5 /* seqbTests */,
				6B90D4A21E8D54710066B3C5 /* seqbUITests */,
				6B90D4791E8D54710066B3C5 /* Products */,
			);
			sourceTree = "<group>";
		};
		6B90D4791E8D54710066B3C5 /* Products */ = {
			isa = PBXGroup;
			children = (
				6B90D4781E8D54710066B3C5 /* seqb.app */,
				6B90D4941E8D54710066B3C5 /* seqbTests.xctest */,
				6B90D49F1E8D54710066B3C5 /* seqbUITests.xctest */,
			);
			name = Products;
			sourceTree = "<group>";
		};
		6B90D47A1E8D54710066B3C5 /* seqb */ = {
			isa = PBXGroup;
			children = (
				6B90D47E1E8D54710066B3C5 /* AppDelegate.h */,
				6B90D47F1E8D54710066B3C5 /* AppDelegate.m */,
				6B90D4811E8D54710066B3C5 /* ViewController.h */,
				6B90D4821E8D54710066B3C5 /* ViewController.m */,
				6B90D4841E8D54710066B3C5 /* Main.storyboard */,
				6B90D48A1E8D54710066B3C5 /* Assets.xcassets */,
				6B90D48C1E8D54710066B3C5 /* LaunchScreen.storyboard */,
				6B90D48F1E8D54710066B3C5 /* Info.plist */,
				6B90D4871E8D54710066B3C5 /* seqb.xcdatamodeld */,
				6B90D47B1E8D54710066B3C5 /* Supporting Files */,
			);
			path = seqb;
			sourceTree = "<group>";
		};
		6B90D47B1E8D54710066B3C5 /* Supporting Files */ = {
			isa = PBXGroup;
			children = (
				6B90D47C1E8D54710066B3C5 /* main.m */,
			);
			name = "Supporting Files";
			sourceTree = "<group>";
		};
		6B90D4971E8D54710066B3C5 /* seqbTests */ = {
			isa = PBXGroup;
			children = (
				6B90D4981E8D54710066B3C5 /* seqbTests.m */,
				6B90D49A1E8D54710066B3C5 /* Info.plist */,
			);
			path = seqbTests;
			sourceTree = "<group>";
		};
		6B90D4A21E8D54710066B3C5 /* seqbUITests */ = {
			isa = PBXGroup;
			children = (
				6B90D4A31E8D54710066B3C5 /* seqbUITests.m */,
				6B90D4A51E8D54710066B3C5 /* Info.plist */,
			);
			path = seqbUITests;
			sourceTree = "<group>";
		};
/* End PBXGroup section */

/* Begin PBXNativeTarget section */
		6B90D4771E8D54710066B3C5 /* seqb */ = {
			isa = PBXNativeTarget;
			buildConfigurationList = 6B90D4A81E8D54710066B3C5 /* Build configuration list for PBXNativeTarget "seqb" */;
			buildPhases = (
				6B90D4741E8D54710066B3C5 /* Sources */,
				6B90D4751E8D54710066B3C5 /* Frameworks */,
				6B90D4761E8D54710066B3C5 /* Resources */,
			);
			buildRules = (
			);
			dependencies = (
			);
			name = seqb;
			productName = seqb;
			productReference = 6B90D4781E8D54710066B3C5 /* seqb.app */;
			productType = "com.apple.product-type.application";
		};
		6B90D4931E8D54710066B3C5 /* seqbTests */ = {
			isa = PBXNativeTarget;
			buildConfigurationList = 6B90D4AB1E8D54710066B3C5 /* Build configuration list for PBXNativeTarget "seqbTests" */;
			buildPhases = (
				6B90D4901E8D54710066B3C5 /* Sources */,
				6B90D4911E8D54710066B3C5 /* Frameworks */,
				6B90D4921E8D54710066B3C5 /* Resources */,
			);
			buildRules = (
			);
			dependencies = (
				6B90D4961E8D54710066B3C5 /* PBXTargetDependency */,
			);
			name = seqbTests;
			productName = seqbTests;
			productReference = 6B90D4941E8D54710066B3C5 /* seqbTests.xctest */;
			productType = "com.apple.product-type.bundle.unit-test";
		};
		6B90D49E1E8D54710066B3C5 /* seqbUITests */ = {
			isa = PBXNativeTarget;
			buildConfigurationList = 6B90D4AE1E8D54710066B3C5 /* Build configuration list for PBXNativeTarget "seqbUITests" */;
			buildPhases = (
				6B90D49B1E8D54710066B3C5 /* Sources */,
				6B90D49C1E8D54710066B3C5 /* Frameworks */,
				6B90D49D1E8D54710066B3C5 /* Resources */,
			);
			buildRules = (
			);
			dependencies = (
				6B90D4A11E8D54710066B3C5 /* PBXTargetDependency */,
			);
			name = seqbUITests;
			productName = seqbUITests;
			productReference = 6B90D49F1E8D54710066B3C5 /* seqbUITests.xctest */;
			productType = "com.apple.product-type.bundle.ui-testing";
		};
/* End PBXNativeTarget section */

/* Begin PBXProject section */
		6B90D4701E8D54710066B3C5 /* Project object */ = {
			isa = PBXProject;
			attributes = {
				LastUpgradeCheck = 0830;
				ORGANIZATIONNAME = sunshinek31;
				TargetAttributes = {
					6B90D4771E8D54710066B3C5 = {
						CreatedOnToolsVersion = 8.3;
						DevelopmentTeam = 4QN5NC67EK;
						ProvisioningStyle = Automatic;
					};
					6B90D4931E8D54710066B3C5 = {
						CreatedOnToolsVersion = 8.3;
						DevelopmentTeam = 4QN5NC67EK;
						ProvisioningStyle = Automatic;
						TestTargetID = 6B90D4771E8D54710066B3C5;
					};
					6B90D49E1E8D54710066B3C5 = {
						CreatedOnToolsVersion = 8.3;
						DevelopmentTeam = 4QN5NC67EK;
						ProvisioningStyle = Automatic;
						TestTargetID = 6B90D4771E8D54710066B3C5;
					};
				};
			};
			buildConfigurationList = 6B90D4731E8D54710066B3C5 /* Build configuration list for PBXProject "seqb" */;
			compatibilityVersion = "Xcode 3.2";
			developmentRegion = English;
			hasScannedForEncodings = 0;
			knownRegions = (
				en,
				Base,
			);
			mainGroup = 6B90D46F1E8D54710066B3C5;
			productRefGroup = 6B90D4791E8D54710066B3C5 /* Products */;
			projectDirPath = "";
			projectRoot = "";
			targets = (
				6B90D4771E8D54710066B3C5 /* seqb */,
				6B90D4931E8D54710066B3C5 /* seqbTests */,
				6B90D49E1E8D54710066B3C5 /* seqbUITests */,
			);
		};
/* End PBXProject section */

/* Begin PBXResourcesBuildPhase section */
		6B90D4761E8D54710066B3C5 /* Resources */ = {
			isa = PBXResourcesBuildPhase;
			buildActionMask = 2147483647;
			files = (
				6B90D48E1E8D54710066B3C5 /* LaunchScreen.storyboard in Resources */,
				6B90D48B1E8D54710066B3C5 /* Assets.xcassets in Resources */,
				6B90D4B21E8D54E20066B3C5 /* Podfile in Resources */,
				6B90D4861E8D54710066B3C5 /* Main.storyboard in Resources */,
			);
			runOnlyForDeploymentPostprocessing = 0;
		};
		6B90D4921E8D54710066B3C5 /* Resources */ = {
			isa = PBXResourcesBuildPhase;
			buildActionMask = 2147483647;
			files = (
			);
			runOnlyForDeploymentPostprocessing = 0;
		};
		6B90D49D1E8D54710066B3C5 /* Resources */ = {
			isa = PBXResourcesBuildPhase;
			buildActionMask = 2147483647;
			files = (
			);
			runOnlyForDeploymentPostprocessing = 0;
		};
/* End PBXResourcesBuildPhase section */

/* Begin PBXSourcesBuildPhase section */
		6B90D4741E8D54710066B3C5 /* Sources */ = {
			isa = PBXSourcesBuildPhase;
			buildActionMask = 2147483647;
			files = (
				6B90D4891E8D54710066B3C5 /* seqb.xcdatamodeld in Sources */,
				6B90D4831E8D54710066B3C5 /* ViewController.m in Sources */,
				6B90D4801E8D54710066B3C5 /* AppDelegate.m in Sources */,
				6B90D47D1E8D54710066B3C5 /* main.m in Sources */,
			);
			runOnlyForDeploymentPostprocessing = 0;
		};
		6B90D4901E8D54710066B3C5 /* Sources */ = {
			isa = PBXSourcesBuildPhase;
			buildActionMask = 2147483647;
			files = (
				6B90D4991E8D54710066B3C5 /* seqbTests.m in Sources */,
			);
			runOnlyForDeploymentPostprocessing = 0;
		};
		6B90D49B1E8D54710066B3C5 /* Sources */ = {
			isa = PBXSourcesBuildPhase;
			buildActionMask = 2147483647;
			files = (
				6B90D4A41E8D54710066B3C5 /* seqbUITests.m in Sources */,
			);
			runOnlyForDeploymentPostprocessing = 0;
		};
/* End PBXSourcesBuildPhase section */

/* Begin PBXTargetDependency section */
		6B90D4961E8D54710066B3C5 /* PBXTargetDependency */ = {
			isa = PBXTargetDependency;
			target = 6B90D4771E8D54710066B3C5 /* seqb */;
			targetProxy = 6B90D4951E8D54710066B3C5 /* PBXContainerItemProxy */;
		};
		6B90D4A11E8D54710066B3C5 /* PBXTargetDependency */ = {
			isa = PBXTargetDependency;
			target = 6B90D4771E8D54710066B3C5 /* seqb */;
			targetProxy = 6B90D4A01E8D54710066B3C5 /* PBXContainerItemProxy */;
		};
/* End PBXTargetDependency section */

/* Begin PBXVariantGroup section */
		6B90D4841E8D54710066B3C5 /* Main.storyboard */ = {
			isa = PBXVariantGroup;
			children = (
				6B90D4851E8D54710066B3C5 /* Base */,
			);
			name = Main.storyboard;
			sourceTree = "<group>";
		};
		6B90D48C1E8D54710066B3C5 /* LaunchScreen.storyboard */ = {
			isa = PBXVariantGroup;
			children = (
				6B90D48D1E8D54710066B3C5 /* Base */,
			);
			name = LaunchScreen.storyboard;
			sourceTree = "<group>";
		};
/* End PBXVariantGroup section */

/* Begin XCBuildConfiguration section */
		6B90D4A61E8D54710066B3C5 /* Debug */ = {
			isa = XCBuildConfiguration;
			buildSettings = {
				ALWAYS_SEARCH_USER_PATHS = NO;
				CLANG_ANALYZER_NONNULL = YES;
				CLANG_ANALYZER_NUMBER_OBJECT_CONVERSION = YES_AGGRESSIVE;
				CLANG_CXX_LANGUAGE_STANDARD = "gnu++0x";
				CLANG_CXX_LIBRARY = "libc++";
				CLANG_ENABLE_MODULES = YES;
				CLANG_ENABLE_OBJC_ARC = YES;
				CLANG_WARN_BOOL_CONVERSION = YES;
				CLANG_WARN_CONSTANT_CONVERSION = YES;
				CLANG_WARN_DIRECT_OBJC_ISA_USAGE = YES_ERROR;
				CLANG_WARN_DOCUMENTATION_COMMENTS = YES;
				CLANG_WARN_EMPTY_BODY = YES;
				CLANG_WARN_ENUM_CONVERSION = YES;
				CLANG_WARN_INFINITE_RECURSION = YES;
				CLANG_WARN_INT_CONVERSION = YES;
				CLANG_WARN_OBJC_ROOT_CLASS = YES_ERROR;
				CLANG_WARN_SUSPICIOUS_MOVE = YES;
				CLANG_WARN_UNREACHABLE_CODE = YES;
				CLANG_WARN__DUPLICATE_METHOD_MATCH = YES;
				"CODE_SIGN_IDENTITY[sdk=iphoneos*]" = "iPhone Developer";
				COPY_PHASE_STRIP = NO;
				DEBUG_INFORMATION_FORMAT = dwarf;
				ENABLE_STRICT_OBJC_MSGSEND = YES;
				ENABLE_TESTABILITY = YES;
				GCC_C_LANGUAGE_STANDARD = gnu99;
				GCC_DYNAMIC_NO_PIC = NO;
				GCC_NO_COMMON_BLOCKS = YES;
				GCC_OPTIMIZATION_LEVEL = 0;
				GCC_PREPROCESSOR_DEFINITIONS = (
					"DEBUG=1",
					"$(inherited)",
				);
				GCC_WARN_64_TO_32_BIT_CONVERSION = YES;
				GCC_WARN_ABOUT_RETURN_TYPE = YES_ERROR;
				GCC_WARN_UNDECLARED_SELECTOR = YES;
				GCC_WARN_UNINITIALIZED_AUTOS = YES_AGGRESSIVE;
				GCC_WARN_UNUSED_FUNCTION = YES;
				GCC_WARN_UNUSED_VARIABLE = YES;
				IPHONEOS_DEPLOYMENT_TARGET = 10.3;
				MTL_ENABLE_DEBUG_INFO = YES;
				ONLY_ACTIVE_ARCH = YES;
				SDKROOT = iphoneos;
				TARGETED_DEVICE_FAMILY = "1,2";
			};
			name = Debug;
		};
		6B90D4A71E8D54710066B3C5 /* Release */ = {
			isa = XCBuildConfiguration;
			buildSettings = {
				ALWAYS_SEARCH_USER_PATHS = NO;
				CLANG_ANALYZER_NONNULL = YES;
				CLANG_ANALYZER_NUMBER_OBJECT_CONVERSION = YES_AGGRESSIVE;
				CLANG_CXX_LANGUAGE_STANDARD = "gnu++0x";
				CLANG_CXX_LIBRARY = "libc++";
				CLANG_ENABLE_MODULES = YES;
				CLANG_ENABLE_OBJC_ARC = YES;
				CLANG_WARN_BOOL_CONVERSION = YES;
				CLANG_WARN_CONSTANT_CONVERSION = YES;
				CLANG_WARN_DIRECT_OBJC_ISA_USAGE = YES_ERROR;
				CLANG_WARN_DOCUMENTATION_COMMENTS = YES;
				CLANG_WARN_EMPTY_BODY = YES;
				CLANG_WARN_ENUM_CONVERSION = YES;
				CLANG_WARN_INFINITE_RECURSION = YES;
				CLANG_WARN_INT_CONVERSION = YES;
				CLANG_WARN_OBJC_ROOT_CLASS = YES_ERROR;
				CLANG_WARN_SUSPICIOUS_MOVE = YES;
				CLANG_WARN_UNREACHABLE_CODE = YES;
				CLANG_WARN__DUPLICATE_METHOD_MATCH = YES;
				"CODE_SIGN_IDENTITY[sdk=iphoneos*]" = "iPhone Developer";
				COPY_PHASE_STRIP = NO;
				DEBUG_INFORMATION_FORMAT = "dwarf-with-dsym";
				ENABLE_NS_ASSERTIONS = NO;
				ENABLE_STRICT_OBJC_MSGSEND = YES;
				GCC_C_LANGUAGE_STANDARD = gnu99;
				GCC_NO_COMMON_BLOCKS = YES;
				GCC_WARN_64_TO_32_BIT_CONVERSION = YES;
				GCC_WARN_ABOUT_RETURN_TYPE = YES_ERROR;
				GCC_WARN_UNDECLARED_SELECTOR = YES;
				GCC_WARN_UNINITIALIZED_AUTOS = YES_AGGRESSIVE;
				GCC_WARN_UNUSED_FUNCTION = YES;
				GCC_WARN_UNUSED_VARIABLE = YES;
				IPHONEOS_DEPLOYMENT_TARGET = 10.3;
				MTL_ENABLE_DEBUG_INFO = NO;
				SDKROOT = iphoneos;
				TARGETED_DEVICE_FAMILY = "1,2";
				VALIDATE_PRODUCT = YES;
			};
			name = Release;
		};
		6B90D4A91E8D54710066B3C5 /* Debug */ = {
			isa = XCBuildConfiguration;
			buildSettings = {
				ASSETCATALOG_COMPILER_APPICON_NAME = AppIcon;
				DEVELOPMENT_TEAM = 4QN5NC67EK;
				INFOPLIST_FILE = seqb/Info.plist;
				LD_RUNPATH_SEARCH_PATHS = "$(inherited) @executable_path/Frameworks";
				PRODUCT_BUNDLE_IDENTIFIER = com.sunshinek31.seqb;
				PRODUCT_NAME = "$(TARGET_NAME)";
			};
			name = Debug;
		};
		6B90D4AA1E8D54710066B3C5 /* Release */ = {
			isa = XCBuildConfiguration;
			buildSettings = {
				ASSETCATALOG_COMPILER_APPICON_NAME = AppIcon;
				DEVELOPMENT_TEAM = 4QN5NC67EK;
				INFOPLIST_FILE = seqb/Info.plist;
				LD_RUNPATH_SEARCH_PATHS = "$(inherited) @executable_path/Frameworks";
				PRODUCT_BUNDLE_IDENTIFIER = com.sunshinek31.seqb;
				PRODUCT_NAME = "$(TARGET_NAME)";
			};
			name = Release;
		};
		6B90D4AC1E8D54710066B3C5 /* Debug */ = {
			isa = XCBuildConfiguration;
			buildSettings = {
				BUNDLE_LOADER = "$(TEST_HOST)";
				DEVELOPMENT_TEAM = 4QN5NC67EK;
				INFOPLIST_FILE = seqbTests/Info.plist;
				LD_RUNPATH_SEARCH_PATHS = "$(inherited) @executable_path/Frameworks @loader_path/Frameworks";
				PRODUCT_BUNDLE_IDENTIFIER = com.sunshinek31.seqbTests;
				PRODUCT_NAME = "$(TARGET_NAME)";
				TEST_HOST = "$(BUILT_PRODUCTS_DIR)/seqb.app/seqb";
			};
			name = Debug;
		};
		6B90D4AD1E8D54710066B3C5 /* Release */ = {
			isa = XCBuildConfiguration;
			buildSettings = {
				BUNDLE_LOADER = "$(TEST_HOST)";
				DEVELOPMENT_TEAM = 4QN5NC67EK;
				INFOPLIST_FILE = seqbTests/Info.plist;
				LD_RUNPATH_SEARCH_PATHS = "$(inherited) @executable_path/Frameworks @loader_path/Frameworks";
				PRODUCT_BUNDLE_IDENTIFIER = com.sunshinek31.seqbTests;
				PRODUCT_NAME = "$(TARGET_NAME)";
				TEST_HOST = "$(BUILT_PRODUCTS_DIR)/seqb.app/seqb";
			};
			name = Release;
		};
		6B90D4AF1E8D54710066B3C5 /* Debug */ = {
			isa = XCBuildConfiguration;
			buildSettings = {
				DEVELOPMENT_TEAM = 4QN5NC67EK;
				INFOPLIST_FILE = seqbUITests/Info.plist;
				LD_RUNPATH_SEARCH_PATHS = "$(inherited) @executable_path/Frameworks @loader_path/Frameworks";
				PRODUCT_BUNDLE_IDENTIFIER = com.sunshinek31.seqbUITests;
				PRODUCT_NAME = "$(TARGET_NAME)";
				TEST_TARGET_NAME = seqb;
			};
			name = Debug;
		};
		6B90D4B01E8D54710066B3C5 /* Release */ = {
			isa = XCBuildConfiguration;
			buildSettings = {
				DEVELOPMENT_TEAM = 4QN5NC67EK;
				INFOPLIST_FILE = seqbUITests/Info.plist;
				LD_RUNPATH_SEARCH_PATHS = "$(inherited) @executable_path/Frameworks @loader_path/Frameworks";
				PRODUCT_BUNDLE_IDENTIFIER = com.sunshinek31.seqbUITests;
				PRODUCT_NAME = "$(TARGET_NAME)";
				TEST_TARGET_NAME = seqb;
			};
			name = Release;
		};
/* End XCBuildConfiguration section */

/* Begin XCConfigurationList section */
		6B90D4731E8D54710066B3C5 /* Build configuration list for PBXProject "seqb" */ = {
			isa = XCConfigurationList;
			buildConfigurations = (
				6B90D4A61E8D54710066B3C5 /* Debug */,
				6B90D4A71E8D54710066B3C5 /* Release */,
			);
			defaultConfigurationIsVisible = 0;
			defaultConfigurationName = Release;
		};
		6B90D4A81E8D54710066B3C5 /* Build configuration list for PBXNativeTarget "seqb" */ = {
			isa = XCConfigurationList;
			buildConfigurations = (
				6B90D4A91E8D54710066B3C5 /* Debug */,
				6B90D4AA1E8D54710066B3C5 /* Release */,
			);
			defaultConfigurationIsVisible = 0;
			defaultConfigurationName = Release;
		};
		6B90D4AB1E8D54710066B3C5 /* Build configuration list for PBXNativeTarget "seqbTests" */ = {
			isa = XCConfigurationList;
			buildConfigurations = (
				6B90D4AC1E8D54710066B3C5 /* Debug */,
				6B90D4AD1E8D54710066B3C5 /* Release */,
			);
			defaultConfigurationIsVisible = 0;
			defaultConfigurationName = Release;
		};
		6B90D4AE1E8D54710066B3C5 /* Build configuration list for PBXNativeTarget "seqbUITests" */ = {
			isa = XCConfigurationList;
			buildConfigurations = (
				6B90D4AF1E8D54710066B3C5 /* Debug */,
				6B90D4B01E8D54710066B3C5 /* Release */,
			);
			defaultConfigurationIsVisible = 0;
			defaultConfigurationName = Release;
		};
/* End XCConfigurationList section */

/* Begin XCVersionGroup section */
		6B90D4871E8D54710066B3C5 /* seqb.xcdatamodeld */ = {
			isa = XCVersionGroup;
			children = (
				6B90D4881E8D54710066B3C5 /* seqb.xcdatamodel */,
			);
			currentVersion = 6B90D4881E8D54710066B3C5 /* seqb.xcdatamodel */;
			path = seqb.xcdatamodeld;
			sourceTree = "<group>";
			versionGroupType = wrapper.xcdatamodel;
		};
/* End XCVersionGroup section */
	};
	rootObject = 6B90D4701E8D54710066B3C5 /* Project object */;
}
