// !$*UTF8*$!
{
	archiveVersion = 1;
	classes = {
	};
	objectVersion = 46;
	objects = {

/* Begin PBXBuildFile section */
		6BCBC9731E8D6DC1005B1C99 /* main.m in Sources */ = {isa = PBXBuildFile; fileRef = 6BCBC9721E8D6DC1005B1C99 /* main.m */; };
		6BCBC9761E8D6DC1005B1C99 /* AppDelegate.m in Sources */ = {isa = PBXBuildFile; fileRef = 6BCBC9751E8D6DC1005B1C99 /* AppDelegate.m */; };
		6BCBC9791E8D6DC1005B1C99 /* ViewController.m in Sources */ = {isa = PBXBuildFile; fileRef = 6BCBC9781E8D6DC1005B1C99 /* ViewController.m */; };
		6BCBC97C1E8D6DC1005B1C99 /* Main.storyboard in Resources */ = {isa = PBXBuildFile; fileRef = 6BCBC97A1E8D6DC1005B1C99 /* Main.storyboard */; };
		6BCBC97F1E8D6DC1005B1C99 /* gcdDemo.xcdatamodeld in Sources */ = {isa = PBXBuildFile; fileRef = 6BCBC97D1E8D6DC1005B1C99 /* gcdDemo.xcdatamodeld */; };
		6BCBC9811E8D6DC1005B1C99 /* Assets.xcassets in Resources */ = {isa = PBXBuildFile; fileRef = 6BCBC9801E8D6DC1005B1C99 /* Assets.xcassets */; };
		6BCBC9841E8D6DC1005B1C99 /* LaunchScreen.storyboard in Resources */ = {isa = PBXBuildFile; fileRef = 6BCBC9821E8D6DC1005B1C99 /* LaunchScreen.storyboard */; };
		6BCBC98F1E8D6DC2005B1C99 /* gcdDemoTests.m in Sources */ = {isa = PBXBuildFile; fileRef = 6BCBC98E1E8D6DC2005B1C99 /* gcdDemoTests.m */; };
		6BCBC99A1E8D6DC2005B1C99 /* gcdDemoUITests.m in Sources */ = {isa = PBXBuildFile; fileRef = 6BCBC9991E8D6DC2005B1C99 /* gcdDemoUITests.m */; };
		6BCBC9AA1E8D6E07005B1C99 /* GCDSemaphoreModel.m in Sources */ = {isa = PBXBuildFile; fileRef = 6BCBC9A91E8D6E07005B1C99 /* GCDSemaphoreModel.m */; };
/* End PBXBuildFile section */

/* Begin PBXContainerItemProxy section */
		6BCBC98B1E8D6DC2005B1C99 /* PBXContainerItemProxy */ = {
			isa = PBXContainerItemProxy;
			containerPortal = 6BCBC9661E8D6DC1005B1C99 /* Project object */;
			proxyType = 1;
			remoteGlobalIDString = 6BCBC96D1E8D6DC1005B1C99;
			remoteInfo = gcdDemo;
		};
		6BCBC9961E8D6DC2005B1C99 /* PBXContainerItemProxy */ = {
			isa = PBXContainerItemProxy;
			containerPortal = 6BCBC9661E8D6DC1005B1C99 /* Project object */;
			proxyType = 1;
			remoteGlobalIDString = 6BCBC96D1E8D6DC1005B1C99;
			remoteInfo = gcdDemo;
		};
/* End PBXContainerItemProxy section */

/* Begin PBXFileReference section */
		6BCBC96E1E8D6DC1005B1C99 /* gcdDemo.app */ = {isa = PBXFileReference; explicitFileType = wrapper.application; includeInIndex = 0; path = gcdDemo.app; sourceTree = BUILT_PRODUCTS_DIR; };
		6BCBC9721E8D6DC1005B1C99 /* main.m */ = {isa = PBXFileReference; lastKnownFileType = sourcecode.c.objc; path = main.m; sourceTree = "<group>"; };
		6BCBC9741E8D6DC1005B1C99 /* AppDelegate.h */ = {isa = PBXFileReference; lastKnownFileType = sourcecode.c.h; path = AppDelegate.h; sourceTree = "<group>"; };
		6BCBC9751E8D6DC1005B1C99 /* AppDelegate.m */ = {isa = PBXFileReference; lastKnownFileType = sourcecode.c.objc; path = AppDelegate.m; sourceTree = "<group>"; };
		6BCBC9771E8D6DC1005B1C99 /* ViewController.h */ = {isa = PBXFileReference; lastKnownFileType = sourcecode.c.h; path = ViewController.h; sourceTree = "<group>"; };
		6BCBC9781E8D6DC1005B1C99 /* ViewController.m */ = {isa = PBXFileReference; lastKnownFileType = sourcecode.c.objc; path = ViewController.m; sourceTree = "<group>"; };
		6BCBC97B1E8D6DC1005B1C99 /* Base */ = {isa = PBXFileReference; lastKnownFileType = file.storyboard; name = Base; path = Base.lproj/Main.storyboard; sourceTree = "<group>"; };
		6BCBC97E1E8D6DC1005B1C99 /* gcdDemo.xcdatamodel */ = {isa = PBXFileReference; lastKnownFileType = wrapper.xcdatamodel; path = gcdDemo.xcdatamodel; sourceTree = "<group>"; };
		6BCBC9801E8D6DC1005B1C99 /* Assets.xcassets */ = {isa = PBXFileReference; lastKnownFileType = folder.assetcatalog; path = Assets.xcassets; sourceTree = "<group>"; };
		6BCBC9831E8D6DC1005B1C99 /* Base */ = {isa = PBXFileReference; lastKnownFileType = file.storyboard; name = Base; path = Base.lproj/LaunchScreen.storyboard; sourceTree = "<group>"; };
		6BCBC9851E8D6DC1005B1C99 /* Info.plist */ = {isa = PBXFileReference; lastKnownFileType = text.plist.xml; path = Info.plist; sourceTree = "<group>"; };
		6BCBC98A1E8D6DC2005B1C99 /* gcdDemoTests.xctest */ = {isa = PBXFileReference; explicitFileType = wrapper.cfbundle; includeInIndex = 0; path = gcdDemoTests.xctest; sourceTree = BUILT_PRODUCTS_DIR; };
		6BCBC98E1E8D6DC2005B1C99 /* gcdDemoTests.m */ = {isa = PBXFileReference; lastKnownFileType = sourcecode.c.objc; path = gcdDemoTests.m; sourceTree = "<group>"; };
		6BCBC9901E8D6DC2005B1C99 /* Info.plist */ = {isa = PBXFileReference; lastKnownFileType = text.plist.xml; path = Info.plist; sourceTree = "<group>"; };
		6BCBC9951E8D6DC2005B1C99 /* gcdDemoUITests.xctest */ = {isa = PBXFileReference; explicitFileType = wrapper.cfbundle; includeInIndex = 0; path = gcdDemoUITests.xctest; sourceTree = BUILT_PRODUCTS_DIR; };
		6BCBC9991E8D6DC2005B1C99 /* gcdDemoUITests.m */ = {isa = PBXFileReference; lastKnownFileType = sourcecode.c.objc; path = gcdDemoUITests.m; sourceTree = "<group>"; };
		6BCBC99B1E8D6DC2005B1C99 /* Info.plist */ = {isa = PBXFileReference; lastKnownFileType = text.plist.xml; path = Info.plist; sourceTree = "<group>"; };
		6BCBC9A81E8D6E07005B1C99 /* GCDSemaphoreModel.h */ = {isa = PBXFileReference; fileEncoding = 4; lastKnownFileType = sourcecode.c.h; path = GCDSemaphoreModel.h; sourceTree = "<group>"; };
		6BCBC9A91E8D6E07005B1C99 /* GCDSemaphoreModel.m */ = {isa = PBXFileReference; fileEncoding = 4; lastKnownFileType = sourcecode.c.objc; path = GCDSemaphoreModel.m; sourceTree = "<group>"; };
/* End PBXFileReference section */

/* Begin PBXFrameworksBuildPhase section */
		6BCBC96B1E8D6DC1005B1C99 /* Frameworks */ = {
			isa = PBXFrameworksBuildPhase;
			buildActionMask = 2147483647;
			files = (
			);
			runOnlyForDeploymentPostprocessing = 0;
		};
		6BCBC9871E8D6DC2005B1C99 /* Frameworks */ = {
			isa = PBXFrameworksBuildPhase;
			buildActionMask = 2147483647;
			files = (
			);
			runOnlyForDeploymentPostprocessing = 0;
		};
		6BCBC9921E8D6DC2005B1C99 /* Frameworks */ = {
			isa = PBXFrameworksBuildPhase;
			buildActionMask = 2147483647;
			files = (
			);
			runOnlyForDeploymentPostprocessing = 0;
		};
/* End PBXFrameworksBuildPhase section */

/* Begin PBXGroup section */
		6BCBC9651E8D6DC1005B1C99 = {
			isa = PBXGroup;
			children = (
				6BCBC9701E8D6DC1005B1C99 /* gcdDemo */,
				6BCBC98D1E8D6DC2005B1C99 /* gcdDemoTests */,
				6BCBC9981E8D6DC2005B1C99 /* gcdDemoUITests */,
				6BCBC96F1E8D6DC1005B1C99 /* Products */,
			);
			sourceTree = "<group>";
		};
		6BCBC96F1E8D6DC1005B1C99 /* Products */ = {
			isa = PBXGroup;
			children = (
				6BCBC96E1E8D6DC1005B1C99 /* gcdDemo.app */,
				6BCBC98A1E8D6DC2005B1C99 /* gcdDemoTests.xctest */,
				6BCBC9951E8D6DC2005B1C99 /* gcdDemoUITests.xctest */,
			);
			name = Products;
			sourceTree = "<group>";
		};
		6BCBC9701E8D6DC1005B1C99 /* gcdDemo */ = {
			isa = PBXGroup;
			children = (
				6BCBC9A71E8D6DCA005B1C99 /* model */,
				6BCBC9741E8D6DC1005B1C99 /* AppDelegate.h */,
				6BCBC9751E8D6DC1005B1C99 /* AppDelegate.m */,
				6BCBC9771E8D6DC1005B1C99 /* ViewController.h */,
				6BCBC9781E8D6DC1005B1C99 /* ViewController.m */,
				6BCBC97A1E8D6DC1005B1C99 /* Main.storyboard */,
				6BCBC9801E8D6DC1005B1C99 /* Assets.xcassets */,
				6BCBC9821E8D6DC1005B1C99 /* LaunchScreen.storyboard */,
				6BCBC9851E8D6DC1005B1C99 /* Info.plist */,
				6BCBC97D1E8D6DC1005B1C99 /* gcdDemo.xcdatamodeld */,
				6BCBC9711E8D6DC1005B1C99 /* Supporting Files */,
			);
			path = gcdDemo;
			sourceTree = "<group>";
		};
		6BCBC9711E8D6DC1005B1C99 /* Supporting Files */ = {
			isa = PBXGroup;
			children = (
				6BCBC9721E8D6DC1005B1C99 /* main.m */,
			);
			name = "Supporting Files";
			sourceTree = "<group>";
		};
		6BCBC98D1E8D6DC2005B1C99 /* gcdDemoTests */ = {
			isa = PBXGroup;
			children = (
				6BCBC98E1E8D6DC2005B1C99 /* gcdDemoTests.m */,
				6BCBC9901E8D6DC2005B1C99 /* Info.plist */,
			);
			path = gcdDemoTests;
			sourceTree = "<group>";
		};
		6BCBC9981E8D6DC2005B1C99 /* gcdDemoUITests */ = {
			isa = PBXGroup;
			children = (
				6BCBC9991E8D6DC2005B1C99 /* gcdDemoUITests.m */,
				6BCBC99B1E8D6DC2005B1C99 /* Info.plist */,
			);
			path = gcdDemoUITests;
			sourceTree = "<group>";
		};
		6BCBC9A71E8D6DCA005B1C99 /* model */ = {
			isa = PBXGroup;
			children = (
				6BCBC9A81E8D6E07005B1C99 /* GCDSemaphoreModel.h */,
				6BCBC9A91E8D6E07005B1C99 /* GCDSemaphoreModel.m */,
			);
			name = model;
			sourceTree = "<group>";
		};
/* End PBXGroup section */

/* Begin PBXNativeTarget section */
		6BCBC96D1E8D6DC1005B1C99 /* gcdDemo */ = {
			isa = PBXNativeTarget;
			buildConfigurationList = 6BCBC99E1E8D6DC2005B1C99 /* Build configuration list for PBXNativeTarget "gcdDemo" */;
			buildPhases = (
				6BCBC96A1E8D6DC1005B1C99 /* Sources */,
				6BCBC96B1E8D6DC1005B1C99 /* Frameworks */,
				6BCBC96C1E8D6DC1005B1C99 /* Resources */,
			);
			buildRules = (
			);
			dependencies = (
			);
			name = gcdDemo;
			productName = gcdDemo;
			productReference = 6BCBC96E1E8D6DC1005B1C99 /* gcdDemo.app */;
			productType = "com.apple.product-type.application";
		};
		6BCBC9891E8D6DC2005B1C99 /* gcdDemoTests */ = {
			isa = PBXNativeTarget;
			buildConfigurationList = 6BCBC9A11E8D6DC2005B1C99 /* Build configuration list for PBXNativeTarget "gcdDemoTests" */;
			buildPhases = (
				6BCBC9861E8D6DC2005B1C99 /* Sources */,
				6BCBC9871E8D6DC2005B1C99 /* Frameworks */,
				6BCBC9881E8D6DC2005B1C99 /* Resources */,
			);
			buildRules = (
			);
			dependencies = (
				6BCBC98C1E8D6DC2005B1C99 /* PBXTargetDependency */,
			);
			name = gcdDemoTests;
			productName = gcdDemoTests;
			productReference = 6BCBC98A1E8D6DC2005B1C99 /* gcdDemoTests.xctest */;
			productType = "com.apple.product-type.bundle.unit-test";
		};
		6BCBC9941E8D6DC2005B1C99 /* gcdDemoUITests */ = {
			isa = PBXNativeTarget;
			buildConfigurationList = 6BCBC9A41E8D6DC2005B1C99 /* Build configuration list for PBXNativeTarget "gcdDemoUITests" */;
			buildPhases = (
				6BCBC9911E8D6DC2005B1C99 /* Sources */,
				6BCBC9921E8D6DC2005B1C99 /* Frameworks */,
				6BCBC9931E8D6DC2005B1C99 /* Resources */,
			);
			buildRules = (
			);
			dependencies = (
				6BCBC9971E8D6DC2005B1C99 /* PBXTargetDependency */,
			);
			name = gcdDemoUITests;
			productName = gcdDemoUITests;
			productReference = 6BCBC9951E8D6DC2005B1C99 /* gcdDemoUITests.xctest */;
			productType = "com.apple.product-type.bundle.ui-testing";
		};
/* End PBXNativeTarget section */

/* Begin PBXProject section */
		6BCBC9661E8D6DC1005B1C99 /* Project object */ = {
			isa = PBXProject;
			attributes = {
				LastUpgradeCheck = 0830;
				ORGANIZATIONNAME = sunshinek31;
				TargetAttributes = {
					6BCBC96D1E8D6DC1005B1C99 = {
						CreatedOnToolsVersion = 8.3;
						DevelopmentTeam = 4QN5NC67EK;
						ProvisioningStyle = Automatic;
					};
					6BCBC9891E8D6DC2005B1C99 = {
						CreatedOnToolsVersion = 8.3;
						DevelopmentTeam = 4QN5NC67EK;
						ProvisioningStyle = Automatic;
						TestTargetID = 6BCBC96D1E8D6DC1005B1C99;
					};
					6BCBC9941E8D6DC2005B1C99 = {
						CreatedOnToolsVersion = 8.3;
						DevelopmentTeam = 4QN5NC67EK;
						ProvisioningStyle = Automatic;
						TestTargetID = 6BCBC96D1E8D6DC1005B1C99;
					};
				};
			};
			buildConfigurationList = 6BCBC9691E8D6DC1005B1C99 /* Build configuration list for PBXProject "gcdDemo" */;
			compatibilityVersion = "Xcode 3.2";
			developmentRegion = English;
			hasScannedForEncodings = 0;
			knownRegions = (
				en,
				Base,
			);
			mainGroup = 6BCBC9651E8D6DC1005B1C99;
			productRefGroup = 6BCBC96F1E8D6DC1005B1C99 /* Products */;
			projectDirPath = "";
			projectRoot = "";
			targets = (
				6BCBC96D1E8D6DC1005B1C99 /* gcdDemo */,
				6BCBC9891E8D6DC2005B1C99 /* gcdDemoTests */,
				6BCBC9941E8D6DC2005B1C99 /* gcdDemoUITests */,
			);
		};
/* End PBXProject section */

/* Begin PBXResourcesBuildPhase section */
		6BCBC96C1E8D6DC1005B1C99 /* Resources */ = {
			isa = PBXResourcesBuildPhase;
			buildActionMask = 2147483647;
			files = (
				6BCBC9841E8D6DC1005B1C99 /* LaunchScreen.storyboard in Resources */,
				6BCBC9811E8D6DC1005B1C99 /* Assets.xcassets in Resources */,
				6BCBC97C1E8D6DC1005B1C99 /* Main.storyboard in Resources */,
			);
			runOnlyForDeploymentPostprocessing = 0;
		};
		6BCBC9881E8D6DC2005B1C99 /* Resources */ = {
			isa = PBXResourcesBuildPhase;
			buildActionMask = 2147483647;
			files = (
			);
			runOnlyForDeploymentPostprocessing = 0;
		};
		6BCBC9931E8D6DC2005B1C99 /* Resources */ = {
			isa = PBXResourcesBuildPhase;
			buildActionMask = 2147483647;
			files = (
			);
			runOnlyForDeploymentPostprocessing = 0;
		};
/* End PBXResourcesBuildPhase section */

/* Begin PBXSourcesBuildPhase section */
		6BCBC96A1E8D6DC1005B1C99 /* Sources */ = {
			isa = PBXSourcesBuildPhase;
			buildActionMask = 2147483647;
			files = (
				6BCBC9791E8D6DC1005B1C99 /* ViewController.m in Sources */,
				6BCBC9AA1E8D6E07005B1C99 /* GCDSemaphoreModel.m in Sources */,
				6BCBC9761E8D6DC1005B1C99 /* AppDelegate.m in Sources */,
				6BCBC9731E8D6DC1005B1C99 /* main.m in Sources */,
				6BCBC97F1E8D6DC1005B1C99 /* gcdDemo.xcdatamodeld in Sources */,
			);
			runOnlyForDeploymentPostprocessing = 0;
		};
		6BCBC9861E8D6DC2005B1C99 /* Sources */ = {
			isa = PBXSourcesBuildPhase;
			buildActionMask = 2147483647;
			files = (
				6BCBC98F1E8D6DC2005B1C99 /* gcdDemoTests.m in Sources */,
			);
			runOnlyForDeploymentPostprocessing = 0;
		};
		6BCBC9911E8D6DC2005B1C99 /* Sources */ = {
			isa = PBXSourcesBuildPhase;
			buildActionMask = 2147483647;
			files = (
				6BCBC99A1E8D6DC2005B1C99 /* gcdDemoUITests.m in Sources */,
			);
			runOnlyForDeploymentPostprocessing = 0;
		};
/* End PBXSourcesBuildPhase section */

/* Begin PBXTargetDependency section */
		6BCBC98C1E8D6DC2005B1C99 /* PBXTargetDependency */ = {
			isa = PBXTargetDependency;
			target = 6BCBC96D1E8D6DC1005B1C99 /* gcdDemo */;
			targetProxy = 6BCBC98B1E8D6DC2005B1C99 /* PBXContainerItemProxy */;
		};
		6BCBC9971E8D6DC2005B1C99 /* PBXTargetDependency */ = {
			isa = PBXTargetDependency;
			target = 6BCBC96D1E8D6DC1005B1C99 /* gcdDemo */;
			targetProxy = 6BCBC9961E8D6DC2005B1C99 /* PBXContainerItemProxy */;
		};
/* End PBXTargetDependency section */

/* Begin PBXVariantGroup section */
		6BCBC97A1E8D6DC1005B1C99 /* Main.storyboard */ = {
			isa = PBXVariantGroup;
			children = (
				6BCBC97B1E8D6DC1005B1C99 /* Base */,
			);
			name = Main.storyboard;
			sourceTree = "<group>";
		};
		6BCBC9821E8D6DC1005B1C99 /* LaunchScreen.storyboard */ = {
			isa = PBXVariantGroup;
			children = (
				6BCBC9831E8D6DC1005B1C99 /* Base */,
			);
			name = LaunchScreen.storyboard;
			sourceTree = "<group>";
		};
/* End PBXVariantGroup section */

/* Begin XCBuildConfiguration section */
		6BCBC99C1E8D6DC2005B1C99 /* Debug */ = {
			isa = XCBuildConfiguration;
			buildSettings = {
				ALWAYS_SEARCH_USER_PATHS = NO;
				CLANG_ANALYZER_NONNULL = YES;
				CLANG_ANALYZER_NUMBER_OBJECT_CONVERSION = YES_AGGRESSIVE;
				CLANG_CXX_LANGUAGE_STANDARD = "gnu++0x";
				CLANG_CXX_LIBRARY = "libc++";
				CLANG_ENABLE_MODULES = YES;
				CLANG_ENABLE_OBJC_ARC = YES;
				CLANG_WARN_BOOL_CONVERSION = YES;
				CLANG_WARN_CONSTANT_CONVERSION = YES;
				CLANG_WARN_DIRECT_OBJC_ISA_USAGE = YES_ERROR;
				CLANG_WARN_DOCUMENTATION_COMMENTS = YES;
				CLANG_WARN_EMPTY_BODY = YES;
				CLANG_WARN_ENUM_CONVERSION = YES;
				CLANG_WARN_INFINITE_RECURSION = YES;
				CLANG_WARN_INT_CONVERSION = YES;
				CLANG_WARN_OBJC_ROOT_CLASS = YES_ERROR;
				CLANG_WARN_SUSPICIOUS_MOVE = YES;
				CLANG_WARN_UNREACHABLE_CODE = YES;
				CLANG_WARN__DUPLICATE_METHOD_MATCH = YES;
				"CODE_SIGN_IDENTITY[sdk=iphoneos*]" = "iPhone Developer";
				COPY_PHASE_STRIP = NO;
				DEBUG_INFORMATION_FORMAT = dwarf;
				ENABLE_STRICT_OBJC_MSGSEND = YES;
				ENABLE_TESTABILITY = YES;
				GCC_C_LANGUAGE_STANDARD = gnu99;
				GCC_DYNAMIC_NO_PIC = NO;
				GCC_NO_COMMON_BLOCKS = YES;
				GCC_OPTIMIZATION_LEVEL = 0;
				GCC_PREPROCESSOR_DEFINITIONS = (
					"DEBUG=1",
					"$(inherited)",
				);
				GCC_WARN_64_TO_32_BIT_CONVERSION = YES;
				GCC_WARN_ABOUT_RETURN_TYPE = YES_ERROR;
				GCC_WARN_UNDECLARED_SELECTOR = YES;
				GCC_WARN_UNINITIALIZED_AUTOS = YES_AGGRESSIVE;
				GCC_WARN_UNUSED_FUNCTION = YES;
				GCC_WARN_UNUSED_VARIABLE = YES;
				IPHONEOS_DEPLOYMENT_TARGET = 10.3;
				MTL_ENABLE_DEBUG_INFO = YES;
				ONLY_ACTIVE_ARCH = YES;
				SDKROOT = iphoneos;
				TARGETED_DEVICE_FAMILY = "1,2";
			};
			name = Debug;
		};
		6BCBC99D1E8D6DC2005B1C99 /* Release */ = {
			isa = XCBuildConfiguration;
			buildSettings = {
				ALWAYS_SEARCH_USER_PATHS = NO;
				CLANG_ANALYZER_NONNULL = YES;
				CLANG_ANALYZER_NUMBER_OBJECT_CONVERSION = YES_AGGRESSIVE;
				CLANG_CXX_LANGUAGE_STANDARD = "gnu++0x";
				CLANG_CXX_LIBRARY = "libc++";
				CLANG_ENABLE_MODULES = YES;
				CLANG_ENABLE_OBJC_ARC = YES;
				CLANG_WARN_BOOL_CONVERSION = YES;
				CLANG_WARN_CONSTANT_CONVERSION = YES;
				CLANG_WARN_DIRECT_OBJC_ISA_USAGE = YES_ERROR;
				CLANG_WARN_DOCUMENTATION_COMMENTS = YES;
				CLANG_WARN_EMPTY_BODY = YES;
				CLANG_WARN_ENUM_CONVERSION = YES;
				CLANG_WARN_INFINITE_RECURSION = YES;
				CLANG_WARN_INT_CONVERSION = YES;
				CLANG_WARN_OBJC_ROOT_CLASS = YES_ERROR;
				CLANG_WARN_SUSPICIOUS_MOVE = YES;
				CLANG_WARN_UNREACHABLE_CODE = YES;
				CLANG_WARN__DUPLICATE_METHOD_MATCH = YES;
				"CODE_SIGN_IDENTITY[sdk=iphoneos*]" = "iPhone Developer";
				COPY_PHASE_STRIP = NO;
				DEBUG_INFORMATION_FORMAT = "dwarf-with-dsym";
				ENABLE_NS_ASSERTIONS = NO;
				ENABLE_STRICT_OBJC_MSGSEND = YES;
				GCC_C_LANGUAGE_STANDARD = gnu99;
				GCC_NO_COMMON_BLOCKS = YES;
				GCC_WARN_64_TO_32_BIT_CONVERSION = YES;
				GCC_WARN_ABOUT_RETURN_TYPE = YES_ERROR;
				GCC_WARN_UNDECLARED_SELECTOR = YES;
				GCC_WARN_UNINITIALIZED_AUTOS = YES_AGGRESSIVE;
				GCC_WARN_UNUSED_FUNCTION = YES;
				GCC_WARN_UNUSED_VARIABLE = YES;
				IPHONEOS_DEPLOYMENT_TARGET = 10.3;
				MTL_ENABLE_DEBUG_INFO = NO;
				SDKROOT = iphoneos;
				TARGETED_DEVICE_FAMILY = "1,2";
				VALIDATE_PRODUCT = YES;
			};
			name = Release;
		};
		6BCBC99F1E8D6DC2005B1C99 /* Debug */ = {
			isa = XCBuildConfiguration;
			buildSettings = {
				ASSETCATALOG_COMPILER_APPICON_NAME = AppIcon;
				DEVELOPMENT_TEAM = 4QN5NC67EK;
				INFOPLIST_FILE = gcdDemo/Info.plist;
				LD_RUNPATH_SEARCH_PATHS = "$(inherited) @executable_path/Frameworks";
				PRODUCT_BUNDLE_IDENTIFIER = com.sunshinek31.gcdDemo;
				PRODUCT_NAME = "$(TARGET_NAME)";
			};
			name = Debug;
		};
		6BCBC9A01E8D6DC2005B1C99 /* Release */ = {
			isa = XCBuildConfiguration;
			buildSettings = {
				ASSETCATALOG_COMPILER_APPICON_NAME = AppIcon;
				DEVELOPMENT_TEAM = 4QN5NC67EK;
				INFOPLIST_FILE = gcdDemo/Info.plist;
				LD_RUNPATH_SEARCH_PATHS = "$(inherited) @executable_path/Frameworks";
				PRODUCT_BUNDLE_IDENTIFIER = com.sunshinek31.gcdDemo;
				PRODUCT_NAME = "$(TARGET_NAME)";
			};
			name = Release;
		};
		6BCBC9A21E8D6DC2005B1C99 /* Debug */ = {
			isa = XCBuildConfiguration;
			buildSettings = {
				BUNDLE_LOADER = "$(TEST_HOST)";
				DEVELOPMENT_TEAM = 4QN5NC67EK;
				INFOPLIST_FILE = gcdDemoTests/Info.plist;
				LD_RUNPATH_SEARCH_PATHS = "$(inherited) @executable_path/Frameworks @loader_path/Frameworks";
				PRODUCT_BUNDLE_IDENTIFIER = com.sunshinek31.gcdDemoTests;
				PRODUCT_NAME = "$(TARGET_NAME)";
				TEST_HOST = "$(BUILT_PRODUCTS_DIR)/gcdDemo.app/gcdDemo";
			};
			name = Debug;
		};
		6BCBC9A31E8D6DC2005B1C99 /* Release */ = {
			isa = XCBuildConfiguration;
			buildSettings = {
				BUNDLE_LOADER = "$(TEST_HOST)";
				DEVELOPMENT_TEAM = 4QN5NC67EK;
				INFOPLIST_FILE = gcdDemoTests/Info.plist;
				LD_RUNPATH_SEARCH_PATHS = "$(inherited) @executable_path/Frameworks @loader_path/Frameworks";
				PRODUCT_BUNDLE_IDENTIFIER = com.sunshinek31.gcdDemoTests;
				PRODUCT_NAME = "$(TARGET_NAME)";
				TEST_HOST = "$(BUILT_PRODUCTS_DIR)/gcdDemo.app/gcdDemo";
			};
			name = Release;
		};
		6BCBC9A51E8D6DC2005B1C99 /* Debug */ = {
			isa = XCBuildConfiguration;
			buildSettings = {
				DEVELOPMENT_TEAM = 4QN5NC67EK;
				INFOPLIST_FILE = gcdDemoUITests/Info.plist;
				LD_RUNPATH_SEARCH_PATHS = "$(inherited) @executable_path/Frameworks @loader_path/Frameworks";
				PRODUCT_BUNDLE_IDENTIFIER = com.sunshinek31.gcdDemoUITests;
				PRODUCT_NAME = "$(TARGET_NAME)";
				TEST_TARGET_NAME = gcdDemo;
			};
			name = Debug;
		};
		6BCBC9A61E8D6DC2005B1C99 /* Release */ = {
			isa = XCBuildConfiguration;
			buildSettings = {
				DEVELOPMENT_TEAM = 4QN5NC67EK;
				INFOPLIST_FILE = gcdDemoUITests/Info.plist;
				LD_RUNPATH_SEARCH_PATHS = "$(inherited) @executable_path/Frameworks @loader_path/Frameworks";
				PRODUCT_BUNDLE_IDENTIFIER = com.sunshinek31.gcdDemoUITests;
				PRODUCT_NAME = "$(TARGET_NAME)";
				TEST_TARGET_NAME = gcdDemo;
			};
			name = Release;
		};
/* End XCBuildConfiguration section */

/* Begin XCConfigurationList section */
		6BCBC9691E8D6DC1005B1C99 /* Build configuration list for PBXProject "gcdDemo" */ = {
			isa = XCConfigurationList;
			buildConfigurations = (
				6BCBC99C1E8D6DC2005B1C99 /* Debug */,
				6BCBC99D1E8D6DC2005B1C99 /* Release */,
			);
			defaultConfigurationIsVisible = 0;
			defaultConfigurationName = Release;
		};
		6BCBC99E1E8D6DC2005B1C99 /* Build configuration list for PBXNativeTarget "gcdDemo" */ = {
			isa = XCConfigurationList;
			buildConfigurations = (
				6BCBC99F1E8D6DC2005B1C99 /* Debug */,
				6BCBC9A01E8D6DC2005B1C99 /* Release */,
			);
			defaultConfigurationIsVisible = 0;
		};
		6BCBC9A11E8D6DC2005B1C99 /* Build configuration list for PBXNativeTarget "gcdDemoTests" */ = {
			isa = XCConfigurationList;
			buildConfigurations = (
				6BCBC9A21E8D6DC2005B1C99 /* Debug */,
				6BCBC9A31E8D6DC2005B1C99 /* Release */,
			);
			defaultConfigurationIsVisible = 0;
		};
		6BCBC9A41E8D6DC2005B1C99 /* Build configuration list for PBXNativeTarget "gcdDemoUITests" */ = {
			isa = XCConfigurationList;
			buildConfigurations = (
				6BCBC9A51E8D6DC2005B1C99 /* Debug */,
				6BCBC9A61E8D6DC2005B1C99 /* Release */,
			);
			defaultConfigurationIsVisible = 0;
		};
/* End XCConfigurationList section */

/* Begin XCVersionGroup section */
		6BCBC97D1E8D6DC1005B1C99 /* gcdDemo.xcdatamodeld */ = {
			isa = XCVersionGroup;
			children = (
				6BCBC97E1E8D6DC1005B1C99 /* gcdDemo.xcdatamodel */,
			);
			currentVersion = 6BCBC97E1E8D6DC1005B1C99 /* gcdDemo.xcdatamodel */;
			path = gcdDemo.xcdatamodeld;
			sourceTree = "<group>";
			versionGroupType = wrapper.xcdatamodel;
		};
/* End XCVersionGroup section */
	};
	rootObject = 6BCBC9661E8D6DC1005B1C99 /* Project object */;
}
